# This file is generated by running "yarn install" inside your project.
# Manual changes might be lost - proceed with caution!

__metadata:
  version: 8
  cacheKey: 10c0

"@tsctx/fast-buffer-to-hex@workspace:.":
  version: 0.0.0-use.local
  resolution: "@tsctx/fast-buffer-to-hex@workspace:."
  dependencies:
    "@types/node": "npm:^20.12.7"
    mitata: "npm:^0.1.11"
  languageName: unknown
  linkType: soft

"@types/node@npm:^20.12.7":
  version: 20.12.7
  resolution: "@types/node@npm:20.12.7"
  dependencies:
    undici-types: "npm:~5.26.4"
  checksum: 10c0/dce80d63a3b91892b321af823d624995c61e39c6a223cc0ac481a44d337640cc46931d33efb3beeed75f5c85c3bda1d97cef4c5cd4ec333caf5dee59cff6eca0
  languageName: node
  linkType: hard

"mitata@npm:^0.1.11":
  version: 0.1.11
  resolution: "mitata@npm:0.1.11"
  checksum: 10c0/0e270f36e176de1ecc7eb86455182940281d85995b6e67294bfa58cbc132257c3fad8ecfcd2c9f1b1e31aff9df40cd21e600906791c1686b250bc4e866ea70ff
  languageName: node
  linkType: hard

"undici-types@npm:~5.26.4":
  version: 5.26.5
  resolution: "undici-types@npm:5.26.5"
  checksum: 10c0/bb673d7876c2d411b6eb6c560e0c571eef4a01c1c19925175d16e3a30c4c428181fb8d7ae802a261f283e4166a0ac435e2f505743aa9e45d893f9a3df017b501
  languageName: node
  linkType: hard
